// !$*UTF8*$!
{
	archiveVersion = 1;
	classes = {
	};
	objectVersion = 46;
	objects = {

/* Begin PBXBuildFile section */
		0A0E704E176D2EBB00D9D5C2 /* CoreGraphics.framework in Frameworks */ = {isa = PBXBuildFile; fileRef = 0A0E704D176D2EBB00D9D5C2 /* CoreGraphics.framework */; };
		0A0E7050176D2EBB00D9D5C2 /* UIKit.framework in Frameworks */ = {isa = PBXBuildFile; fileRef = 0A0E704F176D2EBB00D9D5C2 /* UIKit.framework */; };
		0A0E7056176D2EBB00D9D5C2 /* InfoPlist.strings in Resources */ = {isa = PBXBuildFile; fileRef = 0A0E7054176D2EBB00D9D5C2 /* InfoPlist.strings */; };
		0A0E7058176D2EBB00D9D5C2 /* main.m in Sources */ = {isa = PBXBuildFile; fileRef = 0A0E7057176D2EBB00D9D5C2 /* main.m */; };
		0A0E705C176D2EBB00D9D5C2 /* AppDelegate.m in Sources */ = {isa = PBXBuildFile; fileRef = 0A0E705B176D2EBB00D9D5C2 /* AppDelegate.m */; };
		0A0E705F176D2EBB00D9D5C2 /* Main.storyboard in Resources */ = {isa = PBXBuildFile; fileRef = 0A0E705D176D2EBB00D9D5C2 /* Main.storyboard */; };
		0A0E7062176D2EBB00D9D5C2 /* FirstViewController.m in Sources */ = {isa = PBXBuildFile; fileRef = 0A0E7061176D2EBB00D9D5C2 /* FirstViewController.m */; };
		0A0E7065176D2EBB00D9D5C2 /* SecondViewController.m in Sources */ = {isa = PBXBuildFile; fileRef = 0A0E7064176D2EBB00D9D5C2 /* SecondViewController.m */; };
		0A0E7067176D2EBB00D9D5C2 /* Images.xcassets in Resources */ = {isa = PBXBuildFile; fileRef = 0A0E7066176D2EBB00D9D5C2 /* Images.xcassets */; };
		0A0E706E176D2EBB00D9D5C2 /* XCTest.framework in Frameworks */ = {isa = PBXBuildFile; fileRef = 0A0E706D176D2EBB00D9D5C2 /* XCTest.framework */; };
		0A0E706F176D2EBB00D9D5C2 /* Foundation.framework in Frameworks */ = {isa = PBXBuildFile; fileRef = 0A0E704B176D2EBB00D9D5C2 /* Foundation.framework */; };
		0A0E7070176D2EBB00D9D5C2 /* UIKit.framework in Frameworks */ = {isa = PBXBuildFile; fileRef = 0A0E704F176D2EBB00D9D5C2 /* UIKit.framework */; };
		0A0E7078176D2EBB00D9D5C2 /* InfoPlist.strings in Resources */ = {isa = PBXBuildFile; fileRef = 0A0E7076176D2EBB00D9D5C2 /* InfoPlist.strings */; };
		0A0E707A176D2EBB00D9D5C2 /* CheckoutTests.m in Sources */ = {isa = PBXBuildFile; fileRef = 0A0E7079176D2EBB00D9D5C2 /* CheckoutTests.m */; };
		0A0E7084176D2F2200D9D5C2 /* CoreMedia.framework in Frameworks */ = {isa = PBXBuildFile; fileRef = 0A0E7083176D2F2200D9D5C2 /* CoreMedia.framework */; };
		0A0E7086176D2F3500D9D5C2 /* CoreVideo.framework in Frameworks */ = {isa = PBXBuildFile; fileRef = 0A0E7085176D2F3500D9D5C2 /* CoreVideo.framework */; };
		0A0E7088176D2F4200D9D5C2 /* AVFoundation.framework in Frameworks */ = {isa = PBXBuildFile; fileRef = 0A0E7087176D2F4200D9D5C2 /* AVFoundation.framework */; };
		0A0E708A176D2F4C00D9D5C2 /* CoreLocation.framework in Frameworks */ = {isa = PBXBuildFile; fileRef = 0A0E7089176D2F4C00D9D5C2 /* CoreLocation.framework */; };
		0A0E708C176D2F5300D9D5C2 /* MobileCoreServices.framework in Frameworks */ = {isa = PBXBuildFile; fileRef = 0A0E708B176D2F5300D9D5C2 /* MobileCoreServices.framework */; };
		0A0E708E176D2F5900D9D5C2 /* OpenGLES.framework in Frameworks */ = {isa = PBXBuildFile; fileRef = 0A0E708D176D2F5900D9D5C2 /* OpenGLES.framework */; };
		0A0E7090176D2F5F00D9D5C2 /* Security.framework in Frameworks */ = {isa = PBXBuildFile; fileRef = 0A0E708F176D2F5F00D9D5C2 /* Security.framework */; };
		0A0E7092176D2F6F00D9D5C2 /* libstdc++.dylib in Frameworks */ = {isa = PBXBuildFile; fileRef = 0A0E7091176D2F6F00D9D5C2 /* libstdc++.dylib */; };
		0A0E7094176D2F7600D9D5C2 /* libiconv.dylib in Frameworks */ = {isa = PBXBuildFile; fileRef = 0A0E7093176D2F7600D9D5C2 /* libiconv.dylib */; };
		0A0E7096176D2F7B00D9D5C2 /* libz.dylib in Frameworks */ = {isa = PBXBuildFile; fileRef = 0A0E7095176D2F7B00D9D5C2 /* libz.dylib */; };
		0A0E709B176D2F9C00D9D5C2 /* libRedLaserSDK.a in Frameworks */ = {isa = PBXBuildFile; fileRef = 0A0E7099176D2F9C00D9D5C2 /* libRedLaserSDK.a */; };
		0A0E709D176D3B2D00D9D5C2 /* QuartzCore.framework in Frameworks */ = {isa = PBXBuildFile; fileRef = 0A0E709C176D3B2D00D9D5C2 /* QuartzCore.framework */; };
		0A0E70B7176D3C9F00D9D5C2 /* beep.wav in Resources */ = {isa = PBXBuildFile; fileRef = 0A0E709F176D3C9F00D9D5C2 /* beep.wav */; };
		0A0E70B8176D3C9F00D9D5C2 /* camera-swap-icon-pressed.png in Resources */ = {isa = PBXBuildFile; fileRef = 0A0E70A0176D3C9F00D9D5C2 /* camera-swap-icon-pressed.png */; };
		0A0E70B9176D3C9F00D9D5C2 /* camera-swap-icon-pressed@2x.png in Resources */ = {isa = PBXBuildFile; fileRef = 0A0E70A1176D3C9F00D9D5C2 /* camera-swap-icon-pressed@2x.png */; };
		0A0E70BA176D3C9F00D9D5C2 /* camera-swap-icon.png in Resources */ = {isa = PBXBuildFile; fileRef = 0A0E70A2176D3C9F00D9D5C2 /* camera-swap-icon.png */; };
		0A0E70BB176D3C9F00D9D5C2 /* camera-swap-icon@2x.png in Resources */ = {isa = PBXBuildFile; fileRef = 0A0E70A3176D3C9F00D9D5C2 /* camera-swap-icon@2x.png */; };
		0A0E70BC176D3C9F00D9D5C2 /* CHANGELOG.txt in Resources */ = {isa = PBXBuildFile; fileRef = 0A0E70A4176D3C9F00D9D5C2 /* CHANGELOG.txt */; };
		0A0E70BD176D3C9F00D9D5C2 /* scanditsdk.strings in Resources */ = {isa = PBXBuildFile; fileRef = 0A0E70A5176D3C9F00D9D5C2 /* scanditsdk.strings */; };
		0A0E70BE176D3C9F00D9D5C2 /* empty.cpp in Sources */ = {isa = PBXBuildFile; fileRef = 0A0E70A7176D3C9F00D9D5C2 /* empty.cpp */; };
		0A0E70BF176D3C9F00D9D5C2 /* flashlight-turn-off-icon-pressed.png in Resources */ = {isa = PBXBuildFile; fileRef = 0A0E70A9176D3C9F00D9D5C2 /* flashlight-turn-off-icon-pressed.png */; };
		0A0E70C0176D3C9F00D9D5C2 /* flashlight-turn-off-icon-pressed@2x.png in Resources */ = {isa = PBXBuildFile; fileRef = 0A0E70AA176D3C9F00D9D5C2 /* flashlight-turn-off-icon-pressed@2x.png */; };
		0A0E70C1176D3C9F00D9D5C2 /* flashlight-turn-off-icon.png in Resources */ = {isa = PBXBuildFile; fileRef = 0A0E70AB176D3C9F00D9D5C2 /* flashlight-turn-off-icon.png */; };
		0A0E70C2176D3C9F00D9D5C2 /* flashlight-turn-off-icon@2x.png in Resources */ = {isa = PBXBuildFile; fileRef = 0A0E70AC176D3C9F00D9D5C2 /* flashlight-turn-off-icon@2x.png */; };
		0A0E70C3176D3C9F00D9D5C2 /* flashlight-turn-on-icon-pressed.png in Resources */ = {isa = PBXBuildFile; fileRef = 0A0E70AD176D3C9F00D9D5C2 /* flashlight-turn-on-icon-pressed.png */; };
		0A0E70C4176D3C9F00D9D5C2 /* flashlight-turn-on-icon-pressed@2x.png in Resources */ = {isa = PBXBuildFile; fileRef = 0A0E70AE176D3C9F00D9D5C2 /* flashlight-turn-on-icon-pressed@2x.png */; };
		0A0E70C5176D3C9F00D9D5C2 /* flashlight-turn-on-icon.png in Resources */ = {isa = PBXBuildFile; fileRef = 0A0E70AF176D3C9F00D9D5C2 /* flashlight-turn-on-icon.png */; };
		0A0E70C6176D3C9F00D9D5C2 /* flashlight-turn-on-icon@2x.png in Resources */ = {isa = PBXBuildFile; fileRef = 0A0E70B0176D3C9F00D9D5C2 /* flashlight-turn-on-icon@2x.png */; };
		0A0E70C8176D3C9F00D9D5C2 /* LICENSE-2.0.txt in Resources */ = {isa = PBXBuildFile; fileRef = 0A0E70B2176D3C9F00D9D5C2 /* LICENSE-2.0.txt */; };
		0A0E70C9176D3C9F00D9D5C2 /* poweredby.png in Resources */ = {isa = PBXBuildFile; fileRef = 0A0E70B3176D3C9F00D9D5C2 /* poweredby.png */; };
		0A0E70CA176D3C9F00D9D5C2 /* poweredby@2x.png in Resources */ = {isa = PBXBuildFile; fileRef = 0A0E70B4176D3C9F00D9D5C2 /* poweredby@2x.png */; };
		0A0E70CC176D3CB900D9D5C2 /* SystemConfiguration.framework in Frameworks */ = {isa = PBXBuildFile; fileRef = 0A0E70CB176D3CB900D9D5C2 /* SystemConfiguration.framework */; };
		0A0E70CE176D427A00D9D5C2 /* AudioToolbox.framework in Frameworks */ = {isa = PBXBuildFile; fileRef = 0A0E70CD176D427A00D9D5C2 /* AudioToolbox.framework */; };
		0A1C5906176D5CBC00B0A27D /* libPayPalMobile.a in Frameworks */ = {isa = PBXBuildFile; fileRef = 0A1C5902176D5CBC00B0A27D /* libPayPalMobile.a */; };
		0A1C5908176D5D9600B0A27D /* libxml2.dylib in Frameworks */ = {isa = PBXBuildFile; fileRef = 0A1C5907176D5D9600B0A27D /* libxml2.dylib */; };
		0A1C590A176D5D9E00B0A27D /* MessageUI.framework in Frameworks */ = {isa = PBXBuildFile; fileRef = 0A1C5909176D5D9E00B0A27D /* MessageUI.framework */; };
		0AD3AB41176DB7BF0005B28F /* PayPalViewController.m in Sources */ = {isa = PBXBuildFile; fileRef = 0AD3AB40176DB7BF0005B28F /* PayPalViewController.m */; };
		0AF0F13B176D4BAC008EDA04 /* RedLaser_License.xml in Resources */ = {isa = PBXBuildFile; fileRef = 0AF0F13A176D4BAC008EDA04 /* RedLaser_License.xml */; };
/* End PBXBuildFile section */

/* Begin PBXContainerItemProxy section */
		0A0E7071176D2EBB00D9D5C2 /* PBXContainerItemProxy */ = {
			isa = PBXContainerItemProxy;
			containerPortal = 0A0E7040176D2EBA00D9D5C2 /* Project object */;
			proxyType = 1;
			remoteGlobalIDString = 0A0E7047176D2EBA00D9D5C2;
			remoteInfo = Checkout;
		};
/* End PBXContainerItemProxy section */

/* Begin PBXFileReference section */
		0A0E7048176D2EBA00D9D5C2 /* Checkout.app */ = {isa = PBXFileReference; explicitFileType = wrapper.application; includeInIndex = 0; path = Checkout.app; sourceTree = BUILT_PRODUCTS_DIR; };
		0A0E704B176D2EBB00D9D5C2 /* Foundation.framework */ = {isa = PBXFileReference; lastKnownFileType = wrapper.framework; name = Foundation.framework; path = System/Library/Frameworks/Foundation.framework; sourceTree = SDKROOT; };
		0A0E704D176D2EBB00D9D5C2 /* CoreGraphics.framework */ = {isa = PBXFileReference; lastKnownFileType = wrapper.framework; name = CoreGraphics.framework; path = System/Library/Frameworks/CoreGraphics.framework; sourceTree = SDKROOT; };
		0A0E704F176D2EBB00D9D5C2 /* UIKit.framework */ = {isa = PBXFileReference; lastKnownFileType = wrapper.framework; name = UIKit.framework; path = System/Library/Frameworks/UIKit.framework; sourceTree = SDKROOT; };
		0A0E7053176D2EBB00D9D5C2 /* Checkout-Info.plist */ = {isa = PBXFileReference; lastKnownFileType = text.plist.xml; path = "Checkout-Info.plist"; sourceTree = "<group>"; };
		0A0E7055176D2EBB00D9D5C2 /* en */ = {isa = PBXFileReference; lastKnownFileType = text.plist.strings; name = en; path = en.lproj/InfoPlist.strings; sourceTree = "<group>"; };
		0A0E7057176D2EBB00D9D5C2 /* main.m */ = {isa = PBXFileReference; lastKnownFileType = sourcecode.c.objc; path = main.m; sourceTree = "<group>"; };
		0A0E7059176D2EBB00D9D5C2 /* Checkout-Prefix.pch */ = {isa = PBXFileReference; lastKnownFileType = sourcecode.c.h; path = "Checkout-Prefix.pch"; sourceTree = "<group>"; };
		0A0E705A176D2EBB00D9D5C2 /* AppDelegate.h */ = {isa = PBXFileReference; lastKnownFileType = sourcecode.c.h; path = AppDelegate.h; sourceTree = "<group>"; };
		0A0E705B176D2EBB00D9D5C2 /* AppDelegate.m */ = {isa = PBXFileReference; lastKnownFileType = sourcecode.c.objc; path = AppDelegate.m; sourceTree = "<group>"; };
		0A0E705E176D2EBB00D9D5C2 /* Base */ = {isa = PBXFileReference; lastKnownFileType = file.storyboard; name = Base; path = Base.lproj/Main.storyboard; sourceTree = "<group>"; };
		0A0E7060176D2EBB00D9D5C2 /* FirstViewController.h */ = {isa = PBXFileReference; lastKnownFileType = sourcecode.c.h; path = FirstViewController.h; sourceTree = "<group>"; };
		0A0E7061176D2EBB00D9D5C2 /* FirstViewController.m */ = {isa = PBXFileReference; lastKnownFileType = sourcecode.c.objc; path = FirstViewController.m; sourceTree = "<group>"; };
		0A0E7063176D2EBB00D9D5C2 /* SecondViewController.h */ = {isa = PBXFileReference; lastKnownFileType = sourcecode.c.h; path = SecondViewController.h; sourceTree = "<group>"; };
		0A0E7064176D2EBB00D9D5C2 /* SecondViewController.m */ = {isa = PBXFileReference; lastKnownFileType = sourcecode.c.objc; path = SecondViewController.m; sourceTree = "<group>"; };
		0A0E7066176D2EBB00D9D5C2 /* Images.xcassets */ = {isa = PBXFileReference; lastKnownFileType = folder.assetcatalog; path = Images.xcassets; sourceTree = "<group>"; };
		0A0E706C176D2EBB00D9D5C2 /* CheckoutTests.xctest */ = {isa = PBXFileReference; explicitFileType = wrapper.cfbundle; includeInIndex = 0; path = CheckoutTests.xctest; sourceTree = BUILT_PRODUCTS_DIR; };
		0A0E706D176D2EBB00D9D5C2 /* XCTest.framework */ = {isa = PBXFileReference; lastKnownFileType = wrapper.framework; name = XCTest.framework; path = Library/Frameworks/XCTest.framework; sourceTree = DEVELOPER_DIR; };
		0A0E7075176D2EBB00D9D5C2 /* CheckoutTests-Info.plist */ = {isa = PBXFileReference; lastKnownFileType = text.plist.xml; path = "CheckoutTests-Info.plist"; sourceTree = "<group>"; };
		0A0E7077176D2EBB00D9D5C2 /* en */ = {isa = PBXFileReference; lastKnownFileType = text.plist.strings; name = en; path = en.lproj/InfoPlist.strings; sourceTree = "<group>"; };
		0A0E7079176D2EBB00D9D5C2 /* CheckoutTests.m */ = {isa = PBXFileReference; lastKnownFileType = sourcecode.c.objc; path = CheckoutTests.m; sourceTree = "<group>"; };
		0A0E7083176D2F2200D9D5C2 /* CoreMedia.framework */ = {isa = PBXFileReference; lastKnownFileType = wrapper.framework; name = CoreMedia.framework; path = System/Library/Frameworks/CoreMedia.framework; sourceTree = SDKROOT; };
		0A0E7085176D2F3500D9D5C2 /* CoreVideo.framework */ = {isa = PBXFileReference; lastKnownFileType = wrapper.framework; name = CoreVideo.framework; path = System/Library/Frameworks/CoreVideo.framework; sourceTree = SDKROOT; };
		0A0E7087176D2F4200D9D5C2 /* AVFoundation.framework */ = {isa = PBXFileReference; lastKnownFileType = wrapper.framework; name = AVFoundation.framework; path = System/Library/Frameworks/AVFoundation.framework; sourceTree = SDKROOT; };
		0A0E7089176D2F4C00D9D5C2 /* CoreLocation.framework */ = {isa = PBXFileReference; lastKnownFileType = wrapper.framework; name = CoreLocation.framework; path = System/Library/Frameworks/CoreLocation.framework; sourceTree = SDKROOT; };
		0A0E708B176D2F5300D9D5C2 /* MobileCoreServices.framework */ = {isa = PBXFileReference; lastKnownFileType = wrapper.framework; name = MobileCoreServices.framework; path = System/Library/Frameworks/MobileCoreServices.framework; sourceTree = SDKROOT; };
		0A0E708D176D2F5900D9D5C2 /* OpenGLES.framework */ = {isa = PBXFileReference; lastKnownFileType = wrapper.framework; name = OpenGLES.framework; path = System/Library/Frameworks/OpenGLES.framework; sourceTree = SDKROOT; };
		0A0E708F176D2F5F00D9D5C2 /* Security.framework */ = {isa = PBXFileReference; lastKnownFileType = wrapper.framework; name = Security.framework; path = System/Library/Frameworks/Security.framework; sourceTree = SDKROOT; };
		0A0E7091176D2F6F00D9D5C2 /* libstdc++.dylib */ = {isa = PBXFileReference; lastKnownFileType = "compiled.mach-o.dylib"; name = "libstdc++.dylib"; path = "usr/lib/libstdc++.dylib"; sourceTree = SDKROOT; };
		0A0E7093176D2F7600D9D5C2 /* libiconv.dylib */ = {isa = PBXFileReference; lastKnownFileType = "compiled.mach-o.dylib"; name = libiconv.dylib; path = usr/lib/libiconv.dylib; sourceTree = SDKROOT; };
		0A0E7095176D2F7B00D9D5C2 /* libz.dylib */ = {isa = PBXFileReference; lastKnownFileType = "compiled.mach-o.dylib"; name = libz.dylib; path = usr/lib/libz.dylib; sourceTree = SDKROOT; };
		0A0E7099176D2F9C00D9D5C2 /* libRedLaserSDK.a */ = {isa = PBXFileReference; lastKnownFileType = archive.ar; path = libRedLaserSDK.a; sourceTree = "<group>"; };
		0A0E709A176D2F9C00D9D5C2 /* RedLaserSDK.h */ = {isa = PBXFileReference; fileEncoding = 4; lastKnownFileType = sourcecode.c.h; path = RedLaserSDK.h; sourceTree = "<group>"; };
		0A0E709C176D3B2D00D9D5C2 /* QuartzCore.framework */ = {isa = PBXFileReference; lastKnownFileType = wrapper.framework; name = QuartzCore.framework; path = System/Library/Frameworks/QuartzCore.framework; sourceTree = SDKROOT; };
		0A0E709F176D3C9F00D9D5C2 /* beep.wav */ = {isa = PBXFileReference; lastKnownFileType = audio.wav; path = beep.wav; sourceTree = "<group>"; };
		0A0E70A0176D3C9F00D9D5C2 /* camera-swap-icon-pressed.png */ = {isa = PBXFileReference; lastKnownFileType = image.png; path = "camera-swap-icon-pressed.png"; sourceTree = "<group>"; };
		0A0E70A1176D3C9F00D9D5C2 /* camera-swap-icon-pressed@2x.png */ = {isa = PBXFileReference; lastKnownFileType = image.png; path = "camera-swap-icon-pressed@2x.png"; sourceTree = "<group>"; };
		0A0E70A2176D3C9F00D9D5C2 /* camera-swap-icon.png */ = {isa = PBXFileReference; lastKnownFileType = image.png; path = "camera-swap-icon.png"; sourceTree = "<group>"; };
		0A0E70A3176D3C9F00D9D5C2 /* camera-swap-icon@2x.png */ = {isa = PBXFileReference; lastKnownFileType = image.png; path = "camera-swap-icon@2x.png"; sourceTree = "<group>"; };
		0A0E70A4176D3C9F00D9D5C2 /* CHANGELOG.txt */ = {isa = PBXFileReference; fileEncoding = 4; lastKnownFileType = text; path = CHANGELOG.txt; sourceTree = "<group>"; };
		0A0E70A6176D3C9F00D9D5C2 /* de */ = {isa = PBXFileReference; lastKnownFileType = text.plist.strings; name = de; path = de.lproj/scanditsdk.strings; sourceTree = "<group>"; };
		0A0E70A7176D3C9F00D9D5C2 /* empty.cpp */ = {isa = PBXFileReference; fileEncoding = 4; lastKnownFileType = sourcecode.cpp.cpp; path = empty.cpp; sourceTree = "<group>"; };
		0A0E70A8176D3C9F00D9D5C2 /* en */ = {isa = PBXFileReference; lastKnownFileType = text.plist.strings; name = en; path = en.lproj/scanditsdk.strings; sourceTree = "<group>"; };
		0A0E70A9176D3C9F00D9D5C2 /* flashlight-turn-off-icon-pressed.png */ = {isa = PBXFileReference; lastKnownFileType = image.png; path = "flashlight-turn-off-icon-pressed.png"; sourceTree = "<group>"; };
		0A0E70AA176D3C9F00D9D5C2 /* flashlight-turn-off-icon-pressed@2x.png */ = {isa = PBXFileReference; lastKnownFileType = image.png; path = "flashlight-turn-off-icon-pressed@2x.png"; sourceTree = "<group>"; };
		0A0E70AB176D3C9F00D9D5C2 /* flashlight-turn-off-icon.png */ = {isa = PBXFileReference; lastKnownFileType = image.png; path = "flashlight-turn-off-icon.png"; sourceTree = "<group>"; };
		0A0E70AC176D3C9F00D9D5C2 /* flashlight-turn-off-icon@2x.png */ = {isa = PBXFileReference; lastKnownFileType = image.png; path = "flashlight-turn-off-icon@2x.png"; sourceTree = "<group>"; };
		0A0E70AD176D3C9F00D9D5C2 /* flashlight-turn-on-icon-pressed.png */ = {isa = PBXFileReference; lastKnownFileType = image.png; path = "flashlight-turn-on-icon-pressed.png"; sourceTree = "<group>"; };
		0A0E70AE176D3C9F00D9D5C2 /* flashlight-turn-on-icon-pressed@2x.png */ = {isa = PBXFileReference; lastKnownFileType = image.png; path = "flashlight-turn-on-icon-pressed@2x.png"; sourceTree = "<group>"; };
		0A0E70AF176D3C9F00D9D5C2 /* flashlight-turn-on-icon.png */ = {isa = PBXFileReference; lastKnownFileType = image.png; path = "flashlight-turn-on-icon.png"; sourceTree = "<group>"; };
		0A0E70B0176D3C9F00D9D5C2 /* flashlight-turn-on-icon@2x.png */ = {isa = PBXFileReference; lastKnownFileType = image.png; path = "flashlight-turn-on-icon@2x.png"; sourceTree = "<group>"; };
		0A0E70B1176D3C9F00D9D5C2 /* libscanditsdk-iphone-3.0.2.a */ = {isa = PBXFileReference; lastKnownFileType = archive.ar; path = "libscanditsdk-iphone-3.0.2.a"; sourceTree = "<group>"; };
		0A0E70B2176D3C9F00D9D5C2 /* LICENSE-2.0.txt */ = {isa = PBXFileReference; fileEncoding = 4; lastKnownFileType = text; path = "LICENSE-2.0.txt"; sourceTree = "<group>"; };
		0A0E70B3176D3C9F00D9D5C2 /* poweredby.png */ = {isa = PBXFileReference; lastKnownFileType = image.png; path = poweredby.png; sourceTree = "<group>"; };
		0A0E70B4176D3C9F00D9D5C2 /* poweredby@2x.png */ = {isa = PBXFileReference; lastKnownFileType = image.png; path = "poweredby@2x.png"; sourceTree = "<group>"; };
		0A0E70B5176D3C9F00D9D5C2 /* ScanditSDKBarcodePicker.h */ = {isa = PBXFileReference; fileEncoding = 4; lastKnownFileType = sourcecode.c.h; path = ScanditSDKBarcodePicker.h; sourceTree = "<group>"; };
		0A0E70B6176D3C9F00D9D5C2 /* ScanditSDKOverlayController.h */ = {isa = PBXFileReference; fileEncoding = 4; lastKnownFileType = sourcecode.c.h; path = ScanditSDKOverlayController.h; sourceTree = "<group>"; };
		0A0E70CB176D3CB900D9D5C2 /* SystemConfiguration.framework */ = {isa = PBXFileReference; lastKnownFileType = wrapper.framework; name = SystemConfiguration.framework; path = System/Library/Frameworks/SystemConfiguration.framework; sourceTree = SDKROOT; };
		0A0E70CD176D427A00D9D5C2 /* AudioToolbox.framework */ = {isa = PBXFileReference; lastKnownFileType = wrapper.framework; name = AudioToolbox.framework; path = System/Library/Frameworks/AudioToolbox.framework; sourceTree = SDKROOT; };
		0A1C5902176D5CBC00B0A27D /* libPayPalMobile.a */ = {isa = PBXFileReference; lastKnownFileType = archive.ar; path = libPayPalMobile.a; sourceTree = "<group>"; };
		0A1C5903176D5CBC00B0A27D /* PayPalMobile.h */ = {isa = PBXFileReference; fileEncoding = 4; lastKnownFileType = sourcecode.c.h; path = PayPalMobile.h; sourceTree = "<group>"; };
		0A1C5904176D5CBC00B0A27D /* PayPalPayment.h */ = {isa = PBXFileReference; fileEncoding = 4; lastKnownFileType = sourcecode.c.h; path = PayPalPayment.h; sourceTree = "<group>"; };
		0A1C5905176D5CBC00B0A27D /* PayPalPaymentViewController.h */ = {isa = PBXFileReference; fileEncoding = 4; lastKnownFileType = sourcecode.c.h; path = PayPalPaymentViewController.h; sourceTree = "<group>"; };
		0A1C5907176D5D9600B0A27D /* libxml2.dylib */ = {isa = PBXFileReference; lastKnownFileType = "compiled.mach-o.dylib"; name = libxml2.dylib; path = usr/lib/libxml2.dylib; sourceTree = SDKROOT; };
		0A1C5909176D5D9E00B0A27D /* MessageUI.framework */ = {isa = PBXFileReference; lastKnownFileType = wrapper.framework; name = MessageUI.framework; path = System/Library/Frameworks/MessageUI.framework; sourceTree = SDKROOT; };
		0AD3AB3F176DB7BF0005B28F /* PayPalViewController.h */ = {isa = PBXFileReference; fileEncoding = 4; lastKnownFileType = sourcecode.c.h; path = PayPalViewController.h; sourceTree = "<group>"; };
		0AD3AB40176DB7BF0005B28F /* PayPalViewController.m */ = {isa = PBXFileReference; fileEncoding = 4; lastKnownFileType = sourcecode.c.objc; path = PayPalViewController.m; sourceTree = "<group>"; };
		0AF0F13A176D4BAC008EDA04 /* RedLaser_License.xml */ = {isa = PBXFileReference; fileEncoding = 4; lastKnownFileType = text.xml; path = RedLaser_License.xml; sourceTree = "<group>"; };
		B764D328176DAE2700CFC152 /* Item.h */ = {isa = PBXFileReference; lastKnownFileType = sourcecode.c.h; path = Item.h; sourceTree = "<group>"; };
		B764D329176DAE2700CFC152 /* Item.m */ = {isa = PBXFileReference; lastKnownFileType = sourcecode.c.objc; path = Item.m; sourceTree = "<group>"; };
/* End PBXFileReference section */

/* Begin PBXFrameworksBuildPhase section */
		0A0E7045176D2EBA00D9D5C2 /* Frameworks */ = {
			isa = PBXFrameworksBuildPhase;
			buildActionMask = 2147483647;
			files = (
				0A1C590A176D5D9E00B0A27D /* MessageUI.framework in Frameworks */,
				0A1C5908176D5D9600B0A27D /* libxml2.dylib in Frameworks */,
				0A0E70CE176D427A00D9D5C2 /* AudioToolbox.framework in Frameworks */,
				0A0E70CC176D3CB900D9D5C2 /* SystemConfiguration.framework in Frameworks */,
				0A0E709D176D3B2D00D9D5C2 /* QuartzCore.framework in Frameworks */,
				0A0E7096176D2F7B00D9D5C2 /* libz.dylib in Frameworks */,
				0A1C5906176D5CBC00B0A27D /* libPayPalMobile.a in Frameworks */,
				0A0E7094176D2F7600D9D5C2 /* libiconv.dylib in Frameworks */,
				0A0E709B176D2F9C00D9D5C2 /* libRedLaserSDK.a in Frameworks */,
				0A0E7092176D2F6F00D9D5C2 /* libstdc++.dylib in Frameworks */,
				0A0E7090176D2F5F00D9D5C2 /* Security.framework in Frameworks */,
				0A0E708E176D2F5900D9D5C2 /* OpenGLES.framework in Frameworks */,
				0A0E708C176D2F5300D9D5C2 /* MobileCoreServices.framework in Frameworks */,
				0A0E708A176D2F4C00D9D5C2 /* CoreLocation.framework in Frameworks */,
				0A0E7088176D2F4200D9D5C2 /* AVFoundation.framework in Frameworks */,
				0A0E7086176D2F3500D9D5C2 /* CoreVideo.framework in Frameworks */,
				0A0E7084176D2F2200D9D5C2 /* CoreMedia.framework in Frameworks */,
				0A0E7050176D2EBB00D9D5C2 /* UIKit.framework in Frameworks */,
				0A0E704E176D2EBB00D9D5C2 /* CoreGraphics.framework in Frameworks */,
			);
			runOnlyForDeploymentPostprocessing = 0;
		};
		0A0E7069176D2EBB00D9D5C2 /* Frameworks */ = {
			isa = PBXFrameworksBuildPhase;
			buildActionMask = 2147483647;
			files = (
				0A0E706E176D2EBB00D9D5C2 /* XCTest.framework in Frameworks */,
				0A0E7070176D2EBB00D9D5C2 /* UIKit.framework in Frameworks */,
				0A0E706F176D2EBB00D9D5C2 /* Foundation.framework in Frameworks */,
			);
			runOnlyForDeploymentPostprocessing = 0;
		};
/* End PBXFrameworksBuildPhase section */

/* Begin PBXGroup section */
		0A0E703F176D2EBA00D9D5C2 = {
			isa = PBXGroup;
			children = (
				0A0E7051176D2EBB00D9D5C2 /* Checkout */,
				0A0E7073176D2EBB00D9D5C2 /* CheckoutTests */,
				0A0E704A176D2EBB00D9D5C2 /* Frameworks */,
				0A0E7049176D2EBA00D9D5C2 /* Products */,
			);
			sourceTree = "<group>";
		};
		0A0E7049176D2EBA00D9D5C2 /* Products */ = {
			isa = PBXGroup;
			children = (
				0A0E7048176D2EBA00D9D5C2 /* Checkout.app */,
				0A0E706C176D2EBB00D9D5C2 /* CheckoutTests.xctest */,
			);
			name = Products;
			sourceTree = "<group>";
		};
		0A0E704A176D2EBB00D9D5C2 /* Frameworks */ = {
			isa = PBXGroup;
			children = (
				0A1C5909176D5D9E00B0A27D /* MessageUI.framework */,
				0A1C5907176D5D9600B0A27D /* libxml2.dylib */,
				0A1C5901176D5CBC00B0A27D /* PayPalMobile */,
				0A0E70CD176D427A00D9D5C2 /* AudioToolbox.framework */,
				0A0E70CB176D3CB900D9D5C2 /* SystemConfiguration.framework */,
				0A0E709E176D3C9F00D9D5C2 /* ScanditSDK */,
				0A0E709C176D3B2D00D9D5C2 /* QuartzCore.framework */,
				0A0E7099176D2F9C00D9D5C2 /* libRedLaserSDK.a */,
				0A0E709A176D2F9C00D9D5C2 /* RedLaserSDK.h */,
				0A0E7095176D2F7B00D9D5C2 /* libz.dylib */,
				0A0E7093176D2F7600D9D5C2 /* libiconv.dylib */,
				0A0E7091176D2F6F00D9D5C2 /* libstdc++.dylib */,
				0A0E708F176D2F5F00D9D5C2 /* Security.framework */,
				0A0E708D176D2F5900D9D5C2 /* OpenGLES.framework */,
				0A0E708B176D2F5300D9D5C2 /* MobileCoreServices.framework */,
				0A0E7089176D2F4C00D9D5C2 /* CoreLocation.framework */,
				0A0E7087176D2F4200D9D5C2 /* AVFoundation.framework */,
				0A0E7085176D2F3500D9D5C2 /* CoreVideo.framework */,
				0A0E7083176D2F2200D9D5C2 /* CoreMedia.framework */,
				0A0E704B176D2EBB00D9D5C2 /* Foundation.framework */,
				0A0E704D176D2EBB00D9D5C2 /* CoreGraphics.framework */,
				0A0E704F176D2EBB00D9D5C2 /* UIKit.framework */,
				0A0E706D176D2EBB00D9D5C2 /* XCTest.framework */,
			);
			name = Frameworks;
			sourceTree = "<group>";
		};
		0A0E7051176D2EBB00D9D5C2 /* Checkout */ = {
			isa = PBXGroup;
			children = (
				0AF0F13A176D4BAC008EDA04 /* RedLaser_License.xml */,
				0A0E705A176D2EBB00D9D5C2 /* AppDelegate.h */,
				0A0E705B176D2EBB00D9D5C2 /* AppDelegate.m */,
				0A0E705D176D2EBB00D9D5C2 /* Main.storyboard */,
				0A0E7060176D2EBB00D9D5C2 /* FirstViewController.h */,
				0A0E7061176D2EBB00D9D5C2 /* FirstViewController.m */,
				0A0E7063176D2EBB00D9D5C2 /* SecondViewController.h */,
				0A0E7064176D2EBB00D9D5C2 /* SecondViewController.m */,
				0AD3AB3F176DB7BF0005B28F /* PayPalViewController.h */,
				0AD3AB40176DB7BF0005B28F /* PayPalViewController.m */,
				0A0E7066176D2EBB00D9D5C2 /* Images.xcassets */,
				0A0E7052176D2EBB00D9D5C2 /* Supporting Files */,
				B764D328176DAE2700CFC152 /* Item.h */,
				B764D329176DAE2700CFC152 /* Item.m */,
			);
			path = Checkout;
			sourceTree = "<group>";
		};
		0A0E7052176D2EBB00D9D5C2 /* Supporting Files */ = {
			isa = PBXGroup;
			children = (
				0A0E7053176D2EBB00D9D5C2 /* Checkout-Info.plist */,
				0A0E7054176D2EBB00D9D5C2 /* InfoPlist.strings */,
				0A0E7057176D2EBB00D9D5C2 /* main.m */,
				0A0E7059176D2EBB00D9D5C2 /* Checkout-Prefix.pch */,
			);
			name = "Supporting Files";
			sourceTree = "<group>";
		};
		0A0E7073176D2EBB00D9D5C2 /* CheckoutTests */ = {
			isa = PBXGroup;
			children = (
				0A0E7079176D2EBB00D9D5C2 /* CheckoutTests.m */,
				0A0E7074176D2EBB00D9D5C2 /* Supporting Files */,
			);
			path = CheckoutTests;
			sourceTree = "<group>";
		};
		0A0E7074176D2EBB00D9D5C2 /* Supporting Files */ = {
			isa = PBXGroup;
			children = (
				0A0E7075176D2EBB00D9D5C2 /* CheckoutTests-Info.plist */,
				0A0E7076176D2EBB00D9D5C2 /* InfoPlist.strings */,
			);
			name = "Supporting Files";
			sourceTree = "<group>";
		};
		0A0E709E176D3C9F00D9D5C2 /* ScanditSDK */ = {
			isa = PBXGroup;
			children = (
				0A0E709F176D3C9F00D9D5C2 /* beep.wav */,
				0A0E70A0176D3C9F00D9D5C2 /* camera-swap-icon-pressed.png */,
				0A0E70A1176D3C9F00D9D5C2 /* camera-swap-icon-pressed@2x.png */,
				0A0E70A2176D3C9F00D9D5C2 /* camera-swap-icon.png */,
				0A0E70A3176D3C9F00D9D5C2 /* camera-swap-icon@2x.png */,
				0A0E70A4176D3C9F00D9D5C2 /* CHANGELOG.txt */,
				0A0E70A5176D3C9F00D9D5C2 /* scanditsdk.strings */,
				0A0E70A7176D3C9F00D9D5C2 /* empty.cpp */,
				0A0E70A9176D3C9F00D9D5C2 /* flashlight-turn-off-icon-pressed.png */,
				0A0E70AA176D3C9F00D9D5C2 /* flashlight-turn-off-icon-pressed@2x.png */,
				0A0E70AB176D3C9F00D9D5C2 /* flashlight-turn-off-icon.png */,
				0A0E70AC176D3C9F00D9D5C2 /* flashlight-turn-off-icon@2x.png */,
				0A0E70AD176D3C9F00D9D5C2 /* flashlight-turn-on-icon-pressed.png */,
				0A0E70AE176D3C9F00D9D5C2 /* flashlight-turn-on-icon-pressed@2x.png */,
				0A0E70AF176D3C9F00D9D5C2 /* flashlight-turn-on-icon.png */,
				0A0E70B0176D3C9F00D9D5C2 /* flashlight-turn-on-icon@2x.png */,
				0A0E70B1176D3C9F00D9D5C2 /* libscanditsdk-iphone-3.0.2.a */,
				0A0E70B2176D3C9F00D9D5C2 /* LICENSE-2.0.txt */,
				0A0E70B3176D3C9F00D9D5C2 /* poweredby.png */,
				0A0E70B4176D3C9F00D9D5C2 /* poweredby@2x.png */,
				0A0E70B5176D3C9F00D9D5C2 /* ScanditSDKBarcodePicker.h */,
				0A0E70B6176D3C9F00D9D5C2 /* ScanditSDKOverlayController.h */,
			);
			path = ScanditSDK;
			sourceTree = "<group>";
		};
		0A1C5901176D5CBC00B0A27D /* PayPalMobile */ = {
			isa = PBXGroup;
			children = (
				0A1C5902176D5CBC00B0A27D /* libPayPalMobile.a */,
				0A1C5903176D5CBC00B0A27D /* PayPalMobile.h */,
				0A1C5904176D5CBC00B0A27D /* PayPalPayment.h */,
				0A1C5905176D5CBC00B0A27D /* PayPalPaymentViewController.h */,
			);
			path = PayPalMobile;
			sourceTree = "<group>";
		};
/* End PBXGroup section */

/* Begin PBXNativeTarget section */
		0A0E7047176D2EBA00D9D5C2 /* Checkout */ = {
			isa = PBXNativeTarget;
			buildConfigurationList = 0A0E707D176D2EBB00D9D5C2 /* Build configuration list for PBXNativeTarget "Checkout" */;
			buildPhases = (
				0A0E7044176D2EBA00D9D5C2 /* Sources */,
				0A0E7045176D2EBA00D9D5C2 /* Frameworks */,
				0A0E7046176D2EBA00D9D5C2 /* Resources */,
			);
			buildRules = (
			);
			dependencies = (
			);
			name = Checkout;
			productName = Checkout;
			productReference = 0A0E7048176D2EBA00D9D5C2 /* Checkout.app */;
			productType = "com.apple.product-type.application";
		};
		0A0E706B176D2EBB00D9D5C2 /* CheckoutTests */ = {
			isa = PBXNativeTarget;
			buildConfigurationList = 0A0E7080176D2EBB00D9D5C2 /* Build configuration list for PBXNativeTarget "CheckoutTests" */;
			buildPhases = (
				0A0E7068176D2EBB00D9D5C2 /* Sources */,
				0A0E7069176D2EBB00D9D5C2 /* Frameworks */,
				0A0E706A176D2EBB00D9D5C2 /* Resources */,
			);
			buildRules = (
			);
			dependencies = (
				0A0E7072176D2EBB00D9D5C2 /* PBXTargetDependency */,
			);
			name = CheckoutTests;
			productName = CheckoutTests;
			productReference = 0A0E706C176D2EBB00D9D5C2 /* CheckoutTests.xctest */;
			productType = "com.apple.product-type.bundle.unit-test";
		};
/* End PBXNativeTarget section */

/* Begin PBXProject section */
		0A0E7040176D2EBA00D9D5C2 /* Project object */ = {
			isa = PBXProject;
			attributes = {
				LastUpgradeCheck = 0500;
				ORGANIZATIONNAME = "Kevin Song";
				TargetAttributes = {
					0A0E706B176D2EBB00D9D5C2 = {
						TestTargetID = 0A0E7047176D2EBA00D9D5C2;
					};
				};
			};
			buildConfigurationList = 0A0E7043176D2EBA00D9D5C2 /* Build configuration list for PBXProject "Checkout" */;
			compatibilityVersion = "Xcode 3.2";
			developmentRegion = English;
			hasScannedForEncodings = 0;
			knownRegions = (
				en,
				Base,
				de,
			);
			mainGroup = 0A0E703F176D2EBA00D9D5C2;
			productRefGroup = 0A0E7049176D2EBA00D9D5C2 /* Products */;
			projectDirPath = "";
			projectRoot = "";
			targets = (
				0A0E7047176D2EBA00D9D5C2 /* Checkout */,
				0A0E706B176D2EBB00D9D5C2 /* CheckoutTests */,
			);
		};
/* End PBXProject section */

/* Begin PBXResourcesBuildPhase section */
		0A0E7046176D2EBA00D9D5C2 /* Resources */ = {
			isa = PBXResourcesBuildPhase;
			buildActionMask = 2147483647;
			files = (
				0A0E70B7176D3C9F00D9D5C2 /* beep.wav in Resources */,
				0A0E70C2176D3C9F00D9D5C2 /* flashlight-turn-off-icon@2x.png in Resources */,
				0A0E7067176D2EBB00D9D5C2 /* Images.xcassets in Resources */,
				0A0E70C6176D3C9F00D9D5C2 /* flashlight-turn-on-icon@2x.png in Resources */,
				0AF0F13B176D4BAC008EDA04 /* RedLaser_License.xml in Resources */,
				0A0E7056176D2EBB00D9D5C2 /* InfoPlist.strings in Resources */,
				0A0E70C5176D3C9F00D9D5C2 /* flashlight-turn-on-icon.png in Resources */,
				0A0E705F176D2EBB00D9D5C2 /* Main.storyboard in Resources */,
				0A0E70BC176D3C9F00D9D5C2 /* CHANGELOG.txt in Resources */,
				0A0E70B8176D3C9F00D9D5C2 /* camera-swap-icon-pressed.png in Resources */,
				0A0E70BA176D3C9F00D9D5C2 /* camera-swap-icon.png in Resources */,
				0A0E70BF176D3C9F00D9D5C2 /* flashlight-turn-off-icon-pressed.png in Resources */,
				0A0E70C9176D3C9F00D9D5C2 /* poweredby.png in Resources */,
				0A0E70BD176D3C9F00D9D5C2 /* scanditsdk.strings in Resources */,
				0A0E70B9176D3C9F00D9D5C2 /* camera-swap-icon-pressed@2x.png in Resources */,
				0A0E70C1176D3C9F00D9D5C2 /* flashlight-turn-off-icon.png in Resources */,
				0A0E70C4176D3C9F00D9D5C2 /* flashlight-turn-on-icon-pressed@2x.png in Resources */,
				0A0E70C3176D3C9F00D9D5C2 /* flashlight-turn-on-icon-pressed.png in Resources */,
				0A0E70C8176D3C9F00D9D5C2 /* LICENSE-2.0.txt in Resources */,
				0A0E70C0176D3C9F00D9D5C2 /* flashlight-turn-off-icon-pressed@2x.png in Resources */,
				0A0E70CA176D3C9F00D9D5C2 /* poweredby@2x.png in Resources */,
				0A0E70BB176D3C9F00D9D5C2 /* camera-swap-icon@2x.png in Resources */,
			);
			runOnlyForDeploymentPostprocessing = 0;
		};
		0A0E706A176D2EBB00D9D5C2 /* Resources */ = {
			isa = PBXResourcesBuildPhase;
			buildActionMask = 2147483647;
			files = (
				0A0E7078176D2EBB00D9D5C2 /* InfoPlist.strings in Resources */,
			);
			runOnlyForDeploymentPostprocessing = 0;
		};
/* End PBXResourcesBuildPhase section */

/* Begin PBXSourcesBuildPhase section */
		0A0E7044176D2EBA00D9D5C2 /* Sources */ = {
			isa = PBXSourcesBuildPhase;
			buildActionMask = 2147483647;
			files = (
				0A0E70BE176D3C9F00D9D5C2 /* empty.cpp in Sources */,
				0A0E7065176D2EBB00D9D5C2 /* SecondViewController.m in Sources */,
				0A0E705C176D2EBB00D9D5C2 /* AppDelegate.m in Sources */,
				0A0E7062176D2EBB00D9D5C2 /* FirstViewController.m in Sources */,
				0A0E7058176D2EBB00D9D5C2 /* main.m in Sources */,
				0AD3AB41176DB7BF0005B28F /* PayPalViewController.m in Sources */,
			);
			runOnlyForDeploymentPostprocessing = 0;
		};
		0A0E7068176D2EBB00D9D5C2 /* Sources */ = {
			isa = PBXSourcesBuildPhase;
			buildActionMask = 2147483647;
			files = (
				0A0E707A176D2EBB00D9D5C2 /* CheckoutTests.m in Sources */,
			);
			runOnlyForDeploymentPostprocessing = 0;
		};
/* End PBXSourcesBuildPhase section */

/* Begin PBXTargetDependency section */
		0A0E7072176D2EBB00D9D5C2 /* PBXTargetDependency */ = {
			isa = PBXTargetDependency;
			target = 0A0E7047176D2EBA00D9D5C2 /* Checkout */;
			targetProxy = 0A0E7071176D2EBB00D9D5C2 /* PBXContainerItemProxy */;
		};
/* End PBXTargetDependency section */

/* Begin PBXVariantGroup section */
		0A0E7054176D2EBB00D9D5C2 /* InfoPlist.strings */ = {
			isa = PBXVariantGroup;
			children = (
				0A0E7055176D2EBB00D9D5C2 /* en */,
			);
			name = InfoPlist.strings;
			sourceTree = "<group>";
		};
		0A0E705D176D2EBB00D9D5C2 /* Main.storyboard */ = {
			isa = PBXVariantGroup;
			children = (
				0A0E705E176D2EBB00D9D5C2 /* Base */,
			);
			name = Main.storyboard;
			sourceTree = "<group>";
		};
		0A0E7076176D2EBB00D9D5C2 /* InfoPlist.strings */ = {
			isa = PBXVariantGroup;
			children = (
				0A0E7077176D2EBB00D9D5C2 /* en */,
			);
			name = InfoPlist.strings;
			sourceTree = "<group>";
		};
		0A0E70A5176D3C9F00D9D5C2 /* scanditsdk.strings */ = {
			isa = PBXVariantGroup;
			children = (
				0A0E70A6176D3C9F00D9D5C2 /* de */,
				0A0E70A8176D3C9F00D9D5C2 /* en */,
			);
			name = scanditsdk.strings;
			sourceTree = "<group>";
		};
/* End PBXVariantGroup section */

/* Begin XCBuildConfiguration section */
		0A0E707B176D2EBB00D9D5C2 /* Debug */ = {
			isa = XCBuildConfiguration;
			buildSettings = {
				ALWAYS_SEARCH_USER_PATHS = NO;
				CLANG_CXX_LANGUAGE_STANDARD = "gnu++0x";
				CLANG_CXX_LIBRARY = "libc++";
				CLANG_ENABLE_MODULES = YES;
				CLANG_ENABLE_OBJC_ARC = YES;
				CLANG_WARN_BOOL_CONVERSION = YES;
				CLANG_WARN_CONSTANT_CONVERSION = YES;
				CLANG_WARN_DIRECT_OBJC_ISA_USAGE = YES_ERROR;
				CLANG_WARN_EMPTY_BODY = YES;
				CLANG_WARN_ENUM_CONVERSION = YES;
				CLANG_WARN_INT_CONVERSION = YES;
				CLANG_WARN_OBJC_ROOT_CLASS = YES_ERROR;
				CLANG_WARN__DUPLICATE_METHOD_MATCH = YES;
				"CODE_SIGN_IDENTITY[sdk=iphoneos*]" = "iPhone Developer";
				COPY_PHASE_STRIP = NO;
				GCC_C_LANGUAGE_STANDARD = gnu99;
				GCC_DYNAMIC_NO_PIC = NO;
				GCC_OPTIMIZATION_LEVEL = 0;
				GCC_PREPROCESSOR_DEFINITIONS = (
					"DEBUG=1",
					"$(inherited)",
				);
				GCC_SYMBOLS_PRIVATE_EXTERN = NO;
				GCC_WARN_ABOUT_RETURN_TYPE = YES_ERROR;
				GCC_WARN_UNDECLARED_SELECTOR = YES;
				GCC_WARN_UNINITIALIZED_AUTOS = YES;
				GCC_WARN_UNUSED_FUNCTION = YES;
				GCC_WARN_UNUSED_VARIABLE = YES;
				IPHONEOS_DEPLOYMENT_TARGET = 7.0;
				ONLY_ACTIVE_ARCH = YES;
				SDKROOT = iphoneos;
			};
			name = Debug;
		};
		0A0E707C176D2EBB00D9D5C2 /* Release */ = {
			isa = XCBuildConfiguration;
			buildSettings = {
				ALWAYS_SEARCH_USER_PATHS = NO;
				CLANG_CXX_LANGUAGE_STANDARD = "gnu++0x";
				CLANG_CXX_LIBRARY = "libc++";
				CLANG_ENABLE_MODULES = YES;
				CLANG_ENABLE_OBJC_ARC = YES;
				CLANG_WARN_BOOL_CONVERSION = YES;
				CLANG_WARN_CONSTANT_CONVERSION = YES;
				CLANG_WARN_DIRECT_OBJC_ISA_USAGE = YES_ERROR;
				CLANG_WARN_EMPTY_BODY = YES;
				CLANG_WARN_ENUM_CONVERSION = YES;
				CLANG_WARN_INT_CONVERSION = YES;
				CLANG_WARN_OBJC_ROOT_CLASS = YES_ERROR;
				CLANG_WARN__DUPLICATE_METHOD_MATCH = YES;
				"CODE_SIGN_IDENTITY[sdk=iphoneos*]" = "iPhone Developer";
				COPY_PHASE_STRIP = YES;
				ENABLE_NS_ASSERTIONS = NO;
				GCC_C_LANGUAGE_STANDARD = gnu99;
				GCC_WARN_ABOUT_RETURN_TYPE = YES_ERROR;
				GCC_WARN_UNDECLARED_SELECTOR = YES;
				GCC_WARN_UNINITIALIZED_AUTOS = YES;
				GCC_WARN_UNUSED_FUNCTION = YES;
				GCC_WARN_UNUSED_VARIABLE = YES;
				IPHONEOS_DEPLOYMENT_TARGET = 7.0;
				SDKROOT = iphoneos;
				VALIDATE_PRODUCT = YES;
			};
			name = Release;
		};
		0A0E707E176D2EBB00D9D5C2 /* Debug */ = {
			isa = XCBuildConfiguration;
			buildSettings = {
				ASSETCATALOG_COMPILER_APPICON_NAME = AppIcon;
				ASSETCATALOG_COMPILER_LAUNCHIMAGE_NAME = LaunchImage;
				CLANG_CXX_LIBRARY = "libstdc++";
				CODE_SIGN_IDENTITY = "iPhone Developer";
				GCC_PRECOMPILE_PREFIX_HEADER = YES;
				GCC_PREFIX_HEADER = "Checkout/Checkout-Prefix.pch";
				INFOPLIST_FILE = "Checkout/Checkout-Info.plist";
				LIBRARY_SEARCH_PATHS = (
					"$(inherited)",
					"$(SRCROOT)",
					"$(SRCROOT)/ScanditSDK",
					"$(SRCROOT)/ZBarSDK",
					"$(SRCROOT)/PayPalMobile",
				);
				OTHER_LDFLAGS = (
					"-lstdc++",
					"-ObjC",
				);
				PRODUCT_NAME = "$(TARGET_NAME)";
				PROVISIONING_PROFILE = "F57203E5-BE96-4A38-807F-078D8BE76AD0";
				WRAPPER_EXTENSION = app;
			};
			name = Debug;
		};
		0A0E707F176D2EBB00D9D5C2 /* Release */ = {
			isa = XCBuildConfiguration;
			buildSettings = {
				ASSETCATALOG_COMPILER_APPICON_NAME = AppIcon;
				ASSETCATALOG_COMPILER_LAUNCHIMAGE_NAME = LaunchImage;
				CLANG_CXX_LIBRARY = "libstdc++";
				CODE_SIGN_IDENTITY = "iPhone Developer";
				GCC_PRECOMPILE_PREFIX_HEADER = YES;
				GCC_PREFIX_HEADER = "Checkout/Checkout-Prefix.pch";
				INFOPLIST_FILE = "Checkout/Checkout-Info.plist";
				LIBRARY_SEARCH_PATHS = (
					"$(inherited)",
					"$(SRCROOT)",
					"$(SRCROOT)/ScanditSDK",
					"$(SRCROOT)/ZBarSDK",
					"$(SRCROOT)/PayPalMobile",
				);
				ONLY_ACTIVE_ARCH = NO;
				OTHER_LDFLAGS = (
					"-lstdc++",
					"-ObjC",
				);
				PRODUCT_NAME = "$(TARGET_NAME)";
				PROVISIONING_PROFILE = "F57203E5-BE96-4A38-807F-078D8BE76AD0";
				WRAPPER_EXTENSION = app;
			};
			name = Release;
		};
		0A0E7081176D2EBB00D9D5C2 /* Debug */ = {
			isa = XCBuildConfiguration;
			buildSettings = {
				BUNDLE_LOADER = "$(BUILT_PRODUCTS_DIR)/Checkout.app/Checkout";
				FRAMEWORK_SEARCH_PATHS = (
					"$(SDKROOT)/Developer/Library/Frameworks",
					"$(inherited)",
					"$(SYSTEM_APPS_DIR)/Xcode5-DP.app/Contents/Developer/Library/Frameworks",
				);
				GCC_PRECOMPILE_PREFIX_HEADER = YES;
				GCC_PREFIX_HEADER = "Checkout/Checkout-Prefix.pch";
				GCC_PREPROCESSOR_DEFINITIONS = (
					"DEBUG=1",
					"$(inherited)",
				);
				INFOPLIST_FILE = "CheckoutTests/CheckoutTests-Info.plist";
				PRODUCT_NAME = "$(TARGET_NAME)";
				TEST_HOST = "$(BUNDLE_LOADER)";
				WRAPPER_EXTENSION = xctest;
			};
			name = Debug;
		};
		0A0E7082176D2EBB00D9D5C2 /* Release */ = {
			isa = XCBuildConfiguration;
			buildSettings = {
				BUNDLE_LOADER = "$(BUILT_PRODUCTS_DIR)/Checkout.app/Checkout";
				FRAMEWORK_SEARCH_PATHS = (
					"$(SDKROOT)/Developer/Library/Frameworks",
					"$(inherited)",
					"$(SYSTEM_APPS_DIR)/Xcode5-DP.app/Contents/Developer/Library/Frameworks",
				);
				GCC_PRECOMPILE_PREFIX_HEADER = YES;
				GCC_PREFIX_HEADER = "Checkout/Checkout-Prefix.pch";
				INFOPLIST_FILE = "CheckoutTests/CheckoutTests-Info.plist";
				PRODUCT_NAME = "$(TARGET_NAME)";
				TEST_HOST = "$(BUNDLE_LOADER)";
				WRAPPER_EXTENSION = xctest;
			};
			name = Release;
		};
/* End XCBuildConfiguration section */

/* Begin XCConfigurationList section */
		0A0E7043176D2EBA00D9D5C2 /* Build configuration list for PBXProject "Checkout" */ = {
			isa = XCConfigurationList;
			buildConfigurations = (
				0A0E707B176D2EBB00D9D5C2 /* Debug */,
				0A0E707C176D2EBB00D9D5C2 /* Release */,
			);
			defaultConfigurationIsVisible = 0;
			defaultConfigurationName = Release;
		};
		0A0E707D176D2EBB00D9D5C2 /* Build configuration list for PBXNativeTarget "Checkout" */ = {
			isa = XCConfigurationList;
			buildConfigurations = (
				0A0E707E176D2EBB00D9D5C2 /* Debug */,
				0A0E707F176D2EBB00D9D5C2 /* Release */,
			);
			defaultConfigurationIsVisible = 0;
			defaultConfigurationName = Release;
		};
		0A0E7080176D2EBB00D9D5C2 /* Build configuration list for PBXNativeTarget "CheckoutTests" */ = {
			isa = XCConfigurationList;
			buildConfigurations = (
				0A0E7081176D2EBB00D9D5C2 /* Debug */,
				0A0E7082176D2EBB00D9D5C2 /* Release */,
			);
			defaultConfigurationIsVisible = 0;
			defaultConfigurationName = Release;
		};
/* End XCConfigurationList section */
	};
	rootObject = 0A0E7040176D2EBA00D9D5C2 /* Project object */;
}
